
Microsoft Visual Studio Solution File, Format Version 12.00
# Visual Studio 15
VisualStudioVersion = 15.0.27130.2027
MinimumVisualStudioVersion = 10.0.40219.1
Project("{FAE04EC0-301F-11D3-BF4B-00C04F79EFBC}") = "Classes works", "Classes works\Classes works.csproj", "{1D569CDD-0CAB-4A59-821C-36E9721CF689}"
EndProject
Global
	GlobalSection(SolutionConfigurationPlatforms) = preSolution
		Debug|Any CPU = Debug|Any CPU
		Release|Any CPU = Release|Any CPU
	EndGlobalSection
	GlobalSection(ProjectConfigurationPlatforms) = postSolution
		{1D569CDD-0CAB-4A59-821C-36E9721CF689}.Debug|Any CPU.ActiveCfg = Debug|Any CPU
		{1D569CDD-0CAB-4A59-821C-36E9721CF689}.Debug|Any CPU.Build.0 = Debug|Any CPU
		{1D569CDD-0CAB-4A59-821C-36E9721CF689}.Release|Any CPU.ActiveCfg = Release|Any CPU
		{1D569CDD-0CAB-4A59-821C-36E9721CF689}.Release|Any CPU.Build.0 = Release|Any CPU
	EndGlobalSection
	GlobalSection(SolutionProperties) = preSolution
		HideSolutionNode = FALSE
	EndGlobalSection
	GlobalSection(ExtensibilityGlobals) = postSolution
		SolutionGuid = {BC8EE14D-3C1F-4D06-BE85-0CC9AC302EA4}
	EndGlobalSection
EndGlobal
